
Microsoft Visual Studio Solution File, Format Version 12.00
# Visual Studio 2012
Project("{FAE04EC0-301F-11D3-BF4B-00C04F79EFBC}") = "PrototipoOT", "PrototipoOT\PrototipoOT.csproj", "{795B3FFB-65CF-49B6-B639-615945E03A38}"
EndProject
Project("{FAE04EC0-301F-11D3-BF4B-00C04F79EFBC}") = "CheckBoxComboBox", "..\CheckBoxComboBox\CheckBoxComboBox\CheckBoxComboBox.csproj", "{70A25201-8EA4-48F8-A4A6-ED13ADF8823C}"
EndProject
Global
	GlobalSection(SolutionConfigurationPlatforms) = preSolution
		Debug|Any CPU = Debug|Any CPU
		Release|Any CPU = Release|Any CPU
	EndGlobalSection
	GlobalSection(ProjectConfigurationPlatforms) = postSolution
		{795B3FFB-65CF-49B6-B639-615945E03A38}.Debug|Any CPU.ActiveCfg = Debug|Any CPU
		{795B3FFB-65CF-49B6-B639-615945E03A38}.Debug|Any CPU.Build.0 = Debug|Any CPU
		{795B3FFB-65CF-49B6-B639-615945E03A38}.Release|Any CPU.ActiveCfg = Release|Any CPU
		{795B3FFB-65CF-49B6-B639-615945E03A38}.Release|Any CPU.Build.0 = Release|Any CPU
		{795B3FFB-65CF-49B6-B639-615945E03A38}.Release|Any CPU.Deploy.0 = Release|Any CPU
		{70A25201-8EA4-48F8-A4A6-ED13ADF8823C}.Debug|Any CPU.ActiveCfg = Debug|Any CPU
		{70A25201-8EA4-48F8-A4A6-ED13ADF8823C}.Debug|Any CPU.Build.0 = Debug|Any CPU
		{70A25201-8EA4-48F8-A4A6-ED13ADF8823C}.Release|Any CPU.ActiveCfg = Release|Any CPU
		{70A25201-8EA4-48F8-A4A6-ED13ADF8823C}.Release|Any CPU.Build.0 = Release|Any CPU
		{70A25201-8EA4-48F8-A4A6-ED13ADF8823C}.Release|Any CPU.Deploy.0 = Release|Any CPU
	EndGlobalSection
	GlobalSection(SolutionProperties) = preSolution
		HideSolutionNode = FALSE
	EndGlobalSection
EndGlobal
